
Microsoft Visual Studio Solution File, Format Version 12.00
# Visual Studio Version 17
VisualStudioVersion = 17.7.34009.444
MinimumVisualStudioVersion = 10.0.40219.1
Project("{FAE04EC0-301F-11D3-BF4B-00C04F79EFBC}") = "EChartsTest", "EChartsTest.csproj", "{EF089005-E8BE-418F-B3CA-9555ACE50085}"
EndProject
Global
	GlobalSection(SolutionConfigurationPlatforms) = preSolution
		Debug|Any CPU = Debug|Any CPU
		Debug|ARM64 = Debug|ARM64
		Debug|x64 = Debug|x64
		Debug|x86 = Debug|x86
		Release|Any CPU = Release|Any CPU
		Release|ARM64 = Release|ARM64
		Release|x64 = Release|x64
		Release|x86 = Release|x86
	EndGlobalSection
	GlobalSection(ProjectConfigurationPlatforms) = postSolution
		{EF089005-E8BE-418F-B3CA-9555ACE50085}.Debug|Any CPU.ActiveCfg = Debug|Any CPU
		{EF089005-E8BE-418F-B3CA-9555ACE50085}.Debug|Any CPU.Build.0 = Debug|Any CPU
		{EF089005-E8BE-418F-B3CA-9555ACE50085}.Debug|ARM64.ActiveCfg = Debug|ARM64
		{EF089005-E8BE-418F-B3CA-9555ACE50085}.Debug|ARM64.Build.0 = Debug|ARM64
		{EF089005-E8BE-418F-B3CA-9555ACE50085}.Debug|x64.ActiveCfg = Debug|x64
		{EF089005-E8BE-418F-B3CA-9555ACE50085}.Debug|x64.Build.0 = Debug|x64
		{EF089005-E8BE-418F-B3CA-9555ACE50085}.Debug|x86.ActiveCfg = Debug|x86
		{EF089005-E8BE-418F-B3CA-9555ACE50085}.Debug|x86.Build.0 = Debug|x86
		{EF089005-E8BE-418F-B3CA-9555ACE50085}.Release|Any CPU.ActiveCfg = Release|Any CPU
		{EF089005-E8BE-418F-B3CA-9555ACE50085}.Release|Any CPU.Build.0 = Release|Any CPU
		{EF089005-E8BE-418F-B3CA-9555ACE50085}.Release|ARM64.ActiveCfg = Release|ARM64
		{EF089005-E8BE-418F-B3CA-9555ACE50085}.Release|ARM64.Build.0 = Release|ARM64
		{EF089005-E8BE-418F-B3CA-9555ACE50085}.Release|x64.ActiveCfg = Release|x64
		{EF089005-E8BE-418F-B3CA-9555ACE50085}.Release|x64.Build.0 = Release|x64
		{EF089005-E8BE-418F-B3CA-9555ACE50085}.Release|x86.ActiveCfg = Release|x86
		{EF089005-E8BE-418F-B3CA-9555ACE50085}.Release|x86.Build.0 = Release|x86
	EndGlobalSection
	GlobalSection(SolutionProperties) = preSolution
		HideSolutionNode = FALSE
	EndGlobalSection
	GlobalSection(ExtensibilityGlobals) = postSolution
		SolutionGuid = {B6194DB4-3288-4DD0-A17D-E388CB258583}
	EndGlobalSection
EndGlobal
